
Microsoft Visual Studio Solution File, Format Version 12.00
# Visual Studio Version 16
VisualStudioVersion = 16.0.30523.141
MinimumVisualStudioVersion = 10.0.40219.1
Project("{FAE04EC0-301F-11D3-BF4B-00C04F79EFBC}") = "ADETQ3_JOHN-MICHAEL_TENOSO", "ADETQ3_JOHN-MICHAEL_TENOSO.csproj", "{37F2CBB4-F7A5-42C0-884D-F6A31CFEBF57}"
EndProject
Global
	GlobalSection(SolutionConfigurationPlatforms) = preSolution
		Debug|Any CPU = Debug|Any CPU
		Release|Any CPU = Release|Any CPU
	EndGlobalSection
	GlobalSection(ProjectConfigurationPlatforms) = postSolution
		{37F2CBB4-F7A5-42C0-884D-F6A31CFEBF57}.Debug|Any CPU.ActiveCfg = Debug|Any CPU
		{37F2CBB4-F7A5-42C0-884D-F6A31CFEBF57}.Debug|Any CPU.Build.0 = Debug|Any CPU
		{37F2CBB4-F7A5-42C0-884D-F6A31CFEBF57}.Release|Any CPU.ActiveCfg = Release|Any CPU
		{37F2CBB4-F7A5-42C0-884D-F6A31CFEBF57}.Release|Any CPU.Build.0 = Release|Any CPU
	EndGlobalSection
	GlobalSection(SolutionProperties) = preSolution
		HideSolutionNode = FALSE
	EndGlobalSection
	GlobalSection(ExtensibilityGlobals) = postSolution
		SolutionGuid = {92169F89-6E54-400C-B6B4-8FBC1631CCCB}
	EndGlobalSection
EndGlobal
